
Microsoft Visual Studio Solution File, Format Version 12.00
# Visual Studio Version 16
VisualStudioVersion = 16.0.29424.173
MinimumVisualStudioVersion = 10.0.40219.1
Project("{9A19103F-16F7-4668-BE54-9A1E7A4F7556}") = "View", "VIew\View.csproj", "{64683F69-BC27-4806-8028-49FFBB4587DA}"
EndProject
Project("{FAE04EC0-301F-11D3-BF4B-00C04F79EFBC}") = "Presentation", "Presenter\Presentation.csproj", "{264CA7E7-B4A1-45D6-AD51-357ACF800288}"
EndProject
Project("{FAE04EC0-301F-11D3-BF4B-00C04F79EFBC}") = "Model", "Model\Model.csproj", "{C9714D40-6A1C-4132-941E-3153FCE40566}"
EndProject
Global
	GlobalSection(SolutionConfigurationPlatforms) = preSolution
		Debug|Any CPU = Debug|Any CPU
		Release|Any CPU = Release|Any CPU
	EndGlobalSection
	GlobalSection(ProjectConfigurationPlatforms) = postSolution
		{64683F69-BC27-4806-8028-49FFBB4587DA}.Debug|Any CPU.ActiveCfg = Debug|Any CPU
		{64683F69-BC27-4806-8028-49FFBB4587DA}.Debug|Any CPU.Build.0 = Debug|Any CPU
		{64683F69-BC27-4806-8028-49FFBB4587DA}.Release|Any CPU.ActiveCfg = Release|Any CPU
		{64683F69-BC27-4806-8028-49FFBB4587DA}.Release|Any CPU.Build.0 = Release|Any CPU
		{264CA7E7-B4A1-45D6-AD51-357ACF800288}.Debug|Any CPU.ActiveCfg = Debug|Any CPU
		{264CA7E7-B4A1-45D6-AD51-357ACF800288}.Debug|Any CPU.Build.0 = Debug|Any CPU
		{264CA7E7-B4A1-45D6-AD51-357ACF800288}.Release|Any CPU.ActiveCfg = Release|Any CPU
		{264CA7E7-B4A1-45D6-AD51-357ACF800288}.Release|Any CPU.Build.0 = Release|Any CPU
		{C9714D40-6A1C-4132-941E-3153FCE40566}.Debug|Any CPU.ActiveCfg = Debug|Any CPU
		{C9714D40-6A1C-4132-941E-3153FCE40566}.Debug|Any CPU.Build.0 = Debug|Any CPU
		{C9714D40-6A1C-4132-941E-3153FCE40566}.Release|Any CPU.ActiveCfg = Release|Any CPU
		{C9714D40-6A1C-4132-941E-3153FCE40566}.Release|Any CPU.Build.0 = Release|Any CPU
	EndGlobalSection
	GlobalSection(SolutionProperties) = preSolution
		HideSolutionNode = FALSE
	EndGlobalSection
	GlobalSection(ExtensibilityGlobals) = postSolution
		SolutionGuid = {8E05C932-1FAC-4E8D-9076-FA6A36368739}
	EndGlobalSection
EndGlobal
